// !$*UTF8*$!
{
	archiveVersion = 1;
	classes = {
	};
	objectVersion = 50;
	objects = {

/* Begin PBXBuildFile section */
		B80C107A260B358B00298090 /* アセット 15_1.png in Resources */ = {isa = PBXBuildFile; fileRef = B80C1079260B358A00298090 /* アセット 15_1.png */; };
		B80C1082260B3ED600298090 /* numberListViewController.swift in Sources */ = {isa = PBXBuildFile; fileRef = B80C1081260B3ED600298090 /* numberListViewController.swift */; };
		B80C108C260B50E700298090 /* iti.png in Resources */ = {isa = PBXBuildFile; fileRef = B80C108B260B50E700298090 /* iti.png */; };
		B80C10A0260B594700298090 /* numberDetailViewController.swift in Sources */ = {isa = PBXBuildFile; fileRef = B80C109F260B594700298090 /* numberDetailViewController.swift */; };
		B80C10A5260B5D2700298090 /* nii.png in Resources */ = {isa = PBXBuildFile; fileRef = B80C10A4260B5D2700298090 /* nii.png */; };
		B80C10AA260B5D3C00298090 /* san.png in Resources */ = {isa = PBXBuildFile; fileRef = B80C10A9260B5D3C00298090 /* san.png */; };
		B80C10AF260B5D7100298090 /* yonn.png in Resources */ = {isa = PBXBuildFile; fileRef = B80C10AE260B5D7100298090 /* yonn.png */; };
		B80C10B4260B5D9000298090 /* go.png in Resources */ = {isa = PBXBuildFile; fileRef = B80C10B3260B5D9000298090 /* go.png */; };
		B80C10B9260B5DDB00298090 /* roku.png in Resources */ = {isa = PBXBuildFile; fileRef = B80C10B8260B5DDB00298090 /* roku.png */; };
		B80C10BE260B5E2100298090 /* hati.png in Resources */ = {isa = PBXBuildFile; fileRef = B80C10BD260B5E2000298090 /* hati.png */; };
		B80C10C3260B5E2D00298090 /* nana.png in Resources */ = {isa = PBXBuildFile; fileRef = B80C10C2260B5E2D00298090 /* nana.png */; };
		B80C10C8260B5E4800298090 /* kyu.png in Resources */ = {isa = PBXBuildFile; fileRef = B80C10C7260B5E4800298090 /* kyu.png */; };
		B80C10CD260B5E4C00298090 /* jyuu.png in Resources */ = {isa = PBXBuildFile; fileRef = B80C10CC260B5E4C00298090 /* jyuu.png */; };
		B848535C25BD2556003B33B7 /* AppDelegate.swift in Sources */ = {isa = PBXBuildFile; fileRef = B848535B25BD2556003B33B7 /* AppDelegate.swift */; };
		B848535E25BD2556003B33B7 /* SceneDelegate.swift in Sources */ = {isa = PBXBuildFile; fileRef = B848535D25BD2556003B33B7 /* SceneDelegate.swift */; };
		B848536025BD2556003B33B7 /* ViewController.swift in Sources */ = {isa = PBXBuildFile; fileRef = B848535F25BD2556003B33B7 /* ViewController.swift */; };
		B848536525BD255E003B33B7 /* Assets.xcassets in Resources */ = {isa = PBXBuildFile; fileRef = B848536425BD255E003B33B7 /* Assets.xcassets */; };
		B848536825BD255E003B33B7 /* LaunchScreen.storyboard in Resources */ = {isa = PBXBuildFile; fileRef = B848536625BD255E003B33B7 /* LaunchScreen.storyboard */; };
		B848537325BD255F003B33B7 /* syuwaappTests.swift in Sources */ = {isa = PBXBuildFile; fileRef = B848537225BD255F003B33B7 /* syuwaappTests.swift */; };
		B848537E25BD255F003B33B7 /* syuwaappUITests.swift in Sources */ = {isa = PBXBuildFile; fileRef = B848537D25BD255F003B33B7 /* syuwaappUITests.swift */; };
		B848538F25BD397E003B33B7 /* jiji.png in Resources */ = {isa = PBXBuildFile; fileRef = B848538E25BD397D003B33B7 /* jiji.png */; };
		B848539425BD3A24003B33B7 /* baba.png in Resources */ = {isa = PBXBuildFile; fileRef = B848539325BD3A24003B33B7 /* baba.png */; };
		B848539925BD4ABD003B33B7 /* onnna.png in Resources */ = {isa = PBXBuildFile; fileRef = B848539825BD4ABC003B33B7 /* onnna.png */; };
		B848539E25BD4B20003B33B7 /* otoko.png in Resources */ = {isa = PBXBuildFile; fileRef = B848539D25BD4B20003B33B7 /* otoko.png */; };
		B84853A325BD6CB9003B33B7 /* syuwaViewController.swift in Sources */ = {isa = PBXBuildFile; fileRef = B84853A225BD6CB9003B33B7 /* syuwaViewController.swift */; };
		B84853AB25BD8AF0003B33B7 /* characterListViewController.swift in Sources */ = {isa = PBXBuildFile; fileRef = B84853AA25BD8AEF003B33B7 /* characterListViewController.swift */; };
		B84853B025BD8E61003B33B7 /* アセット 1.png in Resources */ = {isa = PBXBuildFile; fileRef = B84853AF25BD8E60003B33B7 /* アセット 1.png */; };
		B84853B825BD9178003B33B7 /* アセット 2.png in Resources */ = {isa = PBXBuildFile; fileRef = B84853B725BD9178003B33B7 /* アセット 2.png */; };
		B84853BD25BD9232003B33B7 /* アセット 4.png in Resources */ = {isa = PBXBuildFile; fileRef = B84853BC25BD9232003B33B7 /* アセット 4.png */; };
		B84853C225BD9607003B33B7 /* アセット 5.png in Resources */ = {isa = PBXBuildFile; fileRef = B84853C125BD9606003B33B7 /* アセット 5.png */; };
		B84853CA25BD9669003B33B7 /* アセット 6.png in Resources */ = {isa = PBXBuildFile; fileRef = B84853C925BD9668003B33B7 /* アセット 6.png */; };
		B84853CF25BD96B9003B33B7 /* アセット 7.png in Resources */ = {isa = PBXBuildFile; fileRef = B84853CE25BD96B8003B33B7 /* アセット 7.png */; };
		B84853D425BD96F2003B33B7 /* アセット 8.png in Resources */ = {isa = PBXBuildFile; fileRef = B84853D325BD96F2003B33B7 /* アセット 8.png */; };
		B84853D925BD9738003B33B7 /* アセット 9.png in Resources */ = {isa = PBXBuildFile; fileRef = B84853D825BD9738003B33B7 /* アセット 9.png */; };
		B84853E125BD9786003B33B7 /* アセット 10.png in Resources */ = {isa = PBXBuildFile; fileRef = B84853E025BD9786003B33B7 /* アセット 10.png */; };
		B84853E625BD9DFB003B33B7 /* アセット 11.png in Resources */ = {isa = PBXBuildFile; fileRef = B84853E525BD9DFA003B33B7 /* アセット 11.png */; };
		B84853EB25BDB6EF003B33B7 /* characterDetailViewController.swift in Sources */ = {isa = PBXBuildFile; fileRef = B84853EA25BDB6EE003B33B7 /* characterDetailViewController.swift */; };
		B84853F525BDC13A003B33B7 /* アセット 13.png in Resources */ = {isa = PBXBuildFile; fileRef = B84853F425BDC13A003B33B7 /* アセット 13.png */; };
		B84853FB25CF94BF003B33B7 /* a.png in Resources */ = {isa = PBXBuildFile; fileRef = B84853FA25CF94BE003B33B7 /* a.png */; };
		B848540025CF9531003B33B7 /* i.png in Resources */ = {isa = PBXBuildFile; fileRef = B84853FF25CF9531003B33B7 /* i.png */; };
		B848540525CFBE81003B33B7 /* u.png in Resources */ = {isa = PBXBuildFile; fileRef = B848540425CFBE80003B33B7 /* u.png */; };
		B848540A25CFBF98003B33B7 /* e.png in Resources */ = {isa = PBXBuildFile; fileRef = B848540925CFBF97003B33B7 /* e.png */; };
		B848540F25CFBFA3003B33B7 /* o.png in Resources */ = {isa = PBXBuildFile; fileRef = B848540E25CFBFA2003B33B7 /* o.png */; };
		B848541425CFBFAB003B33B7 /* ka.png in Resources */ = {isa = PBXBuildFile; fileRef = B848541325CFBFAA003B33B7 /* ka.png */; };
		B848541925CFBFB0003B33B7 /* ki.png in Resources */ = {isa = PBXBuildFile; fileRef = B848541825CFBFAF003B33B7 /* ki.png */; };
		B848541E25CFBFB6003B33B7 /* ku.png in Resources */ = {isa = PBXBuildFile; fileRef = B848541D25CFBFB5003B33B7 /* ku.png */; };
		B848542325CFBFBA003B33B7 /* ke.png in Resources */ = {isa = PBXBuildFile; fileRef = B848542225CFBFBA003B33B7 /* ke.png */; };
		B848542825CFBFC5003B33B7 /* ko.png in Resources */ = {isa = PBXBuildFile; fileRef = B848542725CFBFC4003B33B7 /* ko.png */; };
		B848542D25CFBFC9003B33B7 /* sa.png in Resources */ = {isa = PBXBuildFile; fileRef = B848542C25CFBFC8003B33B7 /* sa.png */; };
		B848543225CFBFCD003B33B7 /* si.png in Resources */ = {isa = PBXBuildFile; fileRef = B848543125CFBFCD003B33B7 /* si.png */; };
		B848543725CFBFD5003B33B7 /* su.png in Resources */ = {isa = PBXBuildFile; fileRef = B848543625CFBFD5003B33B7 /* su.png */; };
		B848543C25CFBFD9003B33B7 /* se.png in Resources */ = {isa = PBXBuildFile; fileRef = B848543B25CFBFD8003B33B7 /* se.png */; };
		B848544125CFBFDE003B33B7 /* so.png in Resources */ = {isa = PBXBuildFile; fileRef = B848544025CFBFDD003B33B7 /* so.png */; };
		B848544625CFBFE3003B33B7 /* ta.png in Resources */ = {isa = PBXBuildFile; fileRef = B848544525CFBFE2003B33B7 /* ta.png */; };
		B848544B25CFBFE7003B33B7 /* ti.png in Resources */ = {isa = PBXBuildFile; fileRef = B848544A25CFBFE7003B33B7 /* ti.png */; };
		B848545025CFBFED003B33B7 /* tu.png in Resources */ = {isa = PBXBuildFile; fileRef = B848544F25CFBFEC003B33B7 /* tu.png */; };
		B848545525CFBFF6003B33B7 /* te.png in Resources */ = {isa = PBXBuildFile; fileRef = B848545425CFBFF5003B33B7 /* te.png */; };
		B848545A25CFC00E003B33B7 /* to.png in Resources */ = {isa = PBXBuildFile; fileRef = B848545925CFC00E003B33B7 /* to.png */; };
		B848545F25CFC017003B33B7 /* na.png in Resources */ = {isa = PBXBuildFile; fileRef = B848545E25CFC017003B33B7 /* na.png */; };
		B848546425CFC01B003B33B7 /* ni.png in Resources */ = {isa = PBXBuildFile; fileRef = B848546325CFC01B003B33B7 /* ni.png */; };
		B848546925CFC020003B33B7 /* nu.png in Resources */ = {isa = PBXBuildFile; fileRef = B848546825CFC01F003B33B7 /* nu.png */; };
		B848546E25CFC023003B33B7 /* ne.png in Resources */ = {isa = PBXBuildFile; fileRef = B848546D25CFC023003B33B7 /* ne.png */; };
		B848547325CFC03B003B33B7 /* no.png in Resources */ = {isa = PBXBuildFile; fileRef = B848547225CFC03A003B33B7 /* no.png */; };
		B848547825CFC040003B33B7 /* ha.png in Resources */ = {isa = PBXBuildFile; fileRef = B848547725CFC03F003B33B7 /* ha.png */; };
		B848547D25CFC044003B33B7 /* hi.png in Resources */ = {isa = PBXBuildFile; fileRef = B848547C25CFC044003B33B7 /* hi.png */; };
		B848548225CFC04B003B33B7 /* fu.png in Resources */ = {isa = PBXBuildFile; fileRef = B848548125CFC04B003B33B7 /* fu.png */; };
		B848548725CFC050003B33B7 /* he.png in Resources */ = {isa = PBXBuildFile; fileRef = B848548625CFC050003B33B7 /* he.png */; };
		B848548C25CFC055003B33B7 /* ho.png in Resources */ = {isa = PBXBuildFile; fileRef = B848548B25CFC054003B33B7 /* ho.png */; };
		B848549125CFC059003B33B7 /* ma.png in Resources */ = {isa = PBXBuildFile; fileRef = B848549025CFC059003B33B7 /* ma.png */; };
		B848549625CFC05E003B33B7 /* mi.png in Resources */ = {isa = PBXBuildFile; fileRef = B848549525CFC05E003B33B7 /* mi.png */; };
		B848549B25CFC062003B33B7 /* mu.png in Resources */ = {isa = PBXBuildFile; fileRef = B848549A25CFC061003B33B7 /* mu.png */; };
		B84854A025CFC067003B33B7 /* me.png in Resources */ = {isa = PBXBuildFile; fileRef = B848549F25CFC067003B33B7 /* me.png */; };
		B84854A525CFC06F003B33B7 /* mo.png in Resources */ = {isa = PBXBuildFile; fileRef = B84854A425CFC06E003B33B7 /* mo.png */; };
		B84854AA25CFC073003B33B7 /* ya.png in Resources */ = {isa = PBXBuildFile; fileRef = B84854A925CFC072003B33B7 /* ya.png */; };
		B84854AF25CFC076003B33B7 /* yu.png in Resources */ = {isa = PBXBuildFile; fileRef = B84854AE25CFC076003B33B7 /* yu.png */; };
		B84854B425CFC07B003B33B7 /* yo.png in Resources */ = {isa = PBXBuildFile; fileRef = B84854B325CFC07A003B33B7 /* yo.png */; };
		B84854B925CFC07E003B33B7 /* ra.png in Resources */ = {isa = PBXBuildFile; fileRef = B84854B825CFC07E003B33B7 /* ra.png */; };
		B84854BE25CFC083003B33B7 /* ri.png in Resources */ = {isa = PBXBuildFile; fileRef = B84854BD25CFC083003B33B7 /* ri.png */; };
		B84854C325CFC087003B33B7 /* ru.png in Resources */ = {isa = PBXBuildFile; fileRef = B84854C225CFC087003B33B7 /* ru.png */; };
		B84854C825CFC092003B33B7 /* re.png in Resources */ = {isa = PBXBuildFile; fileRef = B84854C725CFC092003B33B7 /* re.png */; };
		B84854CD25CFC097003B33B7 /* ro.png in Resources */ = {isa = PBXBuildFile; fileRef = B84854CC25CFC096003B33B7 /* ro.png */; };
		B84854D225CFC09C003B33B7 /* wa.png in Resources */ = {isa = PBXBuildFile; fileRef = B84854D125CFC09C003B33B7 /* wa.png */; };
		B84854D725CFC0A0003B33B7 /* wo.png in Resources */ = {isa = PBXBuildFile; fileRef = B84854D625CFC0A0003B33B7 /* wo.png */; };
		B84854DC25CFC0A8003B33B7 /* nn.png in Resources */ = {isa = PBXBuildFile; fileRef = B84854DB25CFC0A8003B33B7 /* nn.png */; };
		B8A62E04260F11A500B92C1C /* Main.storyboard in Resources */ = {isa = PBXBuildFile; fileRef = B8A62E02260F11A500B92C1C /* Main.storyboard */; };
		B8A62E09260F124B00B92C1C /* kanjinumberDetailViewController.swift in Sources */ = {isa = PBXBuildFile; fileRef = B8A62E08260F124B00B92C1C /* kanjinumberDetailViewController.swift */; };
		B8A62E0E260F737A00B92C1C /* ジュウ.png in Resources */ = {isa = PBXBuildFile; fileRef = B8A62E0D260F737A00B92C1C /* ジュウ.png */; };
		B8A62E13260F76FA00B92C1C /* ニジュウ　.png in Resources */ = {isa = PBXBuildFile; fileRef = B8A62E12260F76F900B92C1C /* ニジュウ　.png */; };
		B8A62E2E2610510200B92C1C /* manynumberDetailViewController.swift in Sources */ = {isa = PBXBuildFile; fileRef = B8A62E2D2610510200B92C1C /* manynumberDetailViewController.swift */; };
/* End PBXBuildFile section */

/* Begin PBXContainerItemProxy section */
		B848536F25BD255F003B33B7 /* PBXContainerItemProxy */ = {
			isa = PBXContainerItemProxy;
			containerPortal = B848535025BD2556003B33B7 /* Project object */;
			proxyType = 1;
			remoteGlobalIDString = B848535725BD2556003B33B7;
			remoteInfo = syuwaapp;
		};
		B848537A25BD255F003B33B7 /* PBXContainerItemProxy */ = {
			isa = PBXContainerItemProxy;
			containerPortal = B848535025BD2556003B33B7 /* Project object */;
			proxyType = 1;
			remoteGlobalIDString = B848535725BD2556003B33B7;
			remoteInfo = syuwaapp;
		};
/* End PBXContainerItemProxy section */

/* Begin PBXFileReference section */
		B80C1079260B358A00298090 /* アセット 15_1.png */ = {isa = PBXFileReference; lastKnownFileType = image.png; path = "アセット 15_1.png"; sourceTree = "<group>"; };
		B80C1081260B3ED600298090 /* numberListViewController.swift */ = {isa = PBXFileReference; lastKnownFileType = sourcecode.swift; path = numberListViewController.swift; sourceTree = "<group>"; };
		B80C108B260B50E700298090 /* iti.png */ = {isa = PBXFileReference; lastKnownFileType = image.png; path = iti.png; sourceTree = "<group>"; };
		B80C109F260B594700298090 /* numberDetailViewController.swift */ = {isa = PBXFileReference; lastKnownFileType = sourcecode.swift; path = numberDetailViewController.swift; sourceTree = "<group>"; };
		B80C10A4260B5D2700298090 /* nii.png */ = {isa = PBXFileReference; lastKnownFileType = image.png; path = nii.png; sourceTree = "<group>"; };
		B80C10A9260B5D3C00298090 /* san.png */ = {isa = PBXFileReference; lastKnownFileType = image.png; path = san.png; sourceTree = "<group>"; };
		B80C10AE260B5D7100298090 /* yonn.png */ = {isa = PBXFileReference; lastKnownFileType = image.png; path = yonn.png; sourceTree = "<group>"; };
		B80C10B3260B5D9000298090 /* go.png */ = {isa = PBXFileReference; lastKnownFileType = image.png; path = go.png; sourceTree = "<group>"; };
		B80C10B8260B5DDB00298090 /* roku.png */ = {isa = PBXFileReference; lastKnownFileType = image.png; path = roku.png; sourceTree = "<group>"; };
		B80C10BD260B5E2000298090 /* hati.png */ = {isa = PBXFileReference; lastKnownFileType = image.png; path = hati.png; sourceTree = "<group>"; };
		B80C10C2260B5E2D00298090 /* nana.png */ = {isa = PBXFileReference; lastKnownFileType = image.png; path = nana.png; sourceTree = "<group>"; };
		B80C10C7260B5E4800298090 /* kyu.png */ = {isa = PBXFileReference; lastKnownFileType = image.png; path = kyu.png; sourceTree = "<group>"; };
		B80C10CC260B5E4C00298090 /* jyuu.png */ = {isa = PBXFileReference; lastKnownFileType = image.png; path = jyuu.png; sourceTree = "<group>"; };
		B848535825BD2556003B33B7 /* syuwaapp.app */ = {isa = PBXFileReference; explicitFileType = wrapper.application; includeInIndex = 0; path = syuwaapp.app; sourceTree = BUILT_PRODUCTS_DIR; };
		B848535B25BD2556003B33B7 /* AppDelegate.swift */ = {isa = PBXFileReference; lastKnownFileType = sourcecode.swift; path = AppDelegate.swift; sourceTree = "<group>"; };
		B848535D25BD2556003B33B7 /* SceneDelegate.swift */ = {isa = PBXFileReference; lastKnownFileType = sourcecode.swift; path = SceneDelegate.swift; sourceTree = "<group>"; };
		B848535F25BD2556003B33B7 /* ViewController.swift */ = {isa = PBXFileReference; lastKnownFileType = sourcecode.swift; path = ViewController.swift; sourceTree = "<group>"; };
		B848536425BD255E003B33B7 /* Assets.xcassets */ = {isa = PBXFileReference; lastKnownFileType = folder.assetcatalog; path = Assets.xcassets; sourceTree = "<group>"; };
		B848536725BD255E003B33B7 /* Base */ = {isa = PBXFileReference; lastKnownFileType = file.storyboard; name = Base; path = Base.lproj/LaunchScreen.storyboard; sourceTree = "<group>"; };
		B848536925BD255E003B33B7 /* Info.plist */ = {isa = PBXFileReference; lastKnownFileType = text.plist.xml; path = Info.plist; sourceTree = "<group>"; };
		B848536E25BD255F003B33B7 /* syuwaappTests.xctest */ = {isa = PBXFileReference; explicitFileType = wrapper.cfbundle; includeInIndex = 0; path = syuwaappTests.xctest; sourceTree = BUILT_PRODUCTS_DIR; };
		B848537225BD255F003B33B7 /* syuwaappTests.swift */ = {isa = PBXFileReference; lastKnownFileType = sourcecode.swift; path = syuwaappTests.swift; sourceTree = "<group>"; };
		B848537425BD255F003B33B7 /* Info.plist */ = {isa = PBXFileReference; lastKnownFileType = text.plist.xml; path = Info.plist; sourceTree = "<group>"; };
		B848537925BD255F003B33B7 /* syuwaappUITests.xctest */ = {isa = PBXFileReference; explicitFileType = wrapper.cfbundle; includeInIndex = 0; path = syuwaappUITests.xctest; sourceTree = BUILT_PRODUCTS_DIR; };
		B848537D25BD255F003B33B7 /* syuwaappUITests.swift */ = {isa = PBXFileReference; lastKnownFileType = sourcecode.swift; path = syuwaappUITests.swift; sourceTree = "<group>"; };
		B848537F25BD255F003B33B7 /* Info.plist */ = {isa = PBXFileReference; lastKnownFileType = text.plist.xml; path = Info.plist; sourceTree = "<group>"; };
		B848538E25BD397D003B33B7 /* jiji.png */ = {isa = PBXFileReference; lastKnownFileType = image.png; path = jiji.png; sourceTree = "<group>"; };
		B848539325BD3A24003B33B7 /* baba.png */ = {isa = PBXFileReference; lastKnownFileType = image.png; path = baba.png; sourceTree = "<group>"; };
		B848539825BD4ABC003B33B7 /* onnna.png */ = {isa = PBXFileReference; lastKnownFileType = image.png; path = onnna.png; sourceTree = "<group>"; };
		B848539D25BD4B20003B33B7 /* otoko.png */ = {isa = PBXFileReference; lastKnownFileType = image.png; path = otoko.png; sourceTree = "<group>"; };
		B84853A225BD6CB9003B33B7 /* syuwaViewController.swift */ = {isa = PBXFileReference; lastKnownFileType = sourcecode.swift; path = syuwaViewController.swift; sourceTree = "<group>"; };
		B84853AA25BD8AEF003B33B7 /* characterListViewController.swift */ = {isa = PBXFileReference; lastKnownFileType = sourcecode.swift; path = characterListViewController.swift; sourceTree = "<group>"; };
		B84853AF25BD8E60003B33B7 /* アセット 1.png */ = {isa = PBXFileReference; lastKnownFileType = image.png; path = "アセット 1.png"; sourceTree = "<group>"; };
		B84853B725BD9178003B33B7 /* アセット 2.png */ = {isa = PBXFileReference; lastKnownFileType = image.png; path = "アセット 2.png"; sourceTree = "<group>"; };
		B84853BC25BD9232003B33B7 /* アセット 4.png */ = {isa = PBXFileReference; lastKnownFileType = image.png; path = "アセット 4.png"; sourceTree = "<group>"; };
		B84853C125BD9606003B33B7 /* アセット 5.png */ = {isa = PBXFileReference; lastKnownFileType = image.png; path = "アセット 5.png"; sourceTree = "<group>"; };
		B84853C925BD9668003B33B7 /* アセット 6.png */ = {isa = PBXFileReference; lastKnownFileType = image.png; path = "アセット 6.png"; sourceTree = "<group>"; };
		B84853CE25BD96B8003B33B7 /* アセット 7.png */ = {isa = PBXFileReference; lastKnownFileType = image.png; path = "アセット 7.png"; sourceTree = "<group>"; };
		B84853D325BD96F2003B33B7 /* アセット 8.png */ = {isa = PBXFileReference; lastKnownFileType = image.png; path = "アセット 8.png"; sourceTree = "<group>"; };
		B84853D825BD9738003B33B7 /* アセット 9.png */ = {isa = PBXFileReference; lastKnownFileType = image.png; path = "アセット 9.png"; sourceTree = "<group>"; };
		B84853E025BD9786003B33B7 /* アセット 10.png */ = {isa = PBXFileReference; lastKnownFileType = image.png; path = "アセット 10.png"; sourceTree = "<group>"; };
		B84853E525BD9DFA003B33B7 /* アセット 11.png */ = {isa = PBXFileReference; lastKnownFileType = image.png; path = "アセット 11.png"; sourceTree = "<group>"; };
		B84853EA25BDB6EE003B33B7 /* characterDetailViewController.swift */ = {isa = PBXFileReference; lastKnownFileType = sourcecode.swift; path = characterDetailViewController.swift; sourceTree = "<group>"; };
		B84853F425BDC13A003B33B7 /* アセット 13.png */ = {isa = PBXFileReference; lastKnownFileType = image.png; path = "アセット 13.png"; sourceTree = "<group>"; };
		B84853FA25CF94BE003B33B7 /* a.png */ = {isa = PBXFileReference; lastKnownFileType = image.png; path = a.png; sourceTree = "<group>"; };
		B84853FF25CF9531003B33B7 /* i.png */ = {isa = PBXFileReference; lastKnownFileType = image.png; path = i.png; sourceTree = "<group>"; };
		B848540425CFBE80003B33B7 /* u.png */ = {isa = PBXFileReference; lastKnownFileType = image.png; path = u.png; sourceTree = "<group>"; };
		B848540925CFBF97003B33B7 /* e.png */ = {isa = PBXFileReference; lastKnownFileType = image.png; path = e.png; sourceTree = "<group>"; };
		B848540E25CFBFA2003B33B7 /* o.png */ = {isa = PBXFileReference; lastKnownFileType = image.png; path = o.png; sourceTree = "<group>"; };
		B848541325CFBFAA003B33B7 /* ka.png */ = {isa = PBXFileReference; lastKnownFileType = image.png; path = ka.png; sourceTree = "<group>"; };
		B848541825CFBFAF003B33B7 /* ki.png */ = {isa = PBXFileReference; lastKnownFileType = image.png; path = ki.png; sourceTree = "<group>"; };
		B848541D25CFBFB5003B33B7 /* ku.png */ = {isa = PBXFileReference; lastKnownFileType = image.png; path = ku.png; sourceTree = "<group>"; };
		B848542225CFBFBA003B33B7 /* ke.png */ = {isa = PBXFileReference; lastKnownFileType = image.png; path = ke.png; sourceTree = "<group>"; };
		B848542725CFBFC4003B33B7 /* ko.png */ = {isa = PBXFileReference; lastKnownFileType = image.png; path = ko.png; sourceTree = "<group>"; };
		B848542C25CFBFC8003B33B7 /* sa.png */ = {isa = PBXFileReference; lastKnownFileType = image.png; path = sa.png; sourceTree = "<group>"; };
		B848543125CFBFCD003B33B7 /* si.png */ = {isa = PBXFileReference; lastKnownFileType = image.png; path = si.png; sourceTree = "<group>"; };
		B848543625CFBFD5003B33B7 /* su.png */ = {isa = PBXFileReference; lastKnownFileType = image.png; path = su.png; sourceTree = "<group>"; };
		B848543B25CFBFD8003B33B7 /* se.png */ = {isa = PBXFileReference; lastKnownFileType = image.png; path = se.png; sourceTree = "<group>"; };
		B848544025CFBFDD003B33B7 /* so.png */ = {isa = PBXFileReference; lastKnownFileType = image.png; path = so.png; sourceTree = "<group>"; };
		B848544525CFBFE2003B33B7 /* ta.png */ = {isa = PBXFileReference; lastKnownFileType = image.png; path = ta.png; sourceTree = "<group>"; };
		B848544A25CFBFE7003B33B7 /* ti.png */ = {isa = PBXFileReference; lastKnownFileType = image.png; path = ti.png; sourceTree = "<group>"; };
		B848544F25CFBFEC003B33B7 /* tu.png */ = {isa = PBXFileReference; lastKnownFileType = image.png; path = tu.png; sourceTree = "<group>"; };
		B848545425CFBFF5003B33B7 /* te.png */ = {isa = PBXFileReference; lastKnownFileType = image.png; path = te.png; sourceTree = "<group>"; };
		B848545925CFC00E003B33B7 /* to.png */ = {isa = PBXFileReference; lastKnownFileType = image.png; path = to.png; sourceTree = "<group>"; };
		B848545E25CFC017003B33B7 /* na.png */ = {isa = PBXFileReference; lastKnownFileType = image.png; path = na.png; sourceTree = "<group>"; };
		B848546325CFC01B003B33B7 /* ni.png */ = {isa = PBXFileReference; lastKnownFileType = image.png; path = ni.png; sourceTree = "<group>"; };
		B848546825CFC01F003B33B7 /* nu.png */ = {isa = PBXFileReference; lastKnownFileType = image.png; path = nu.png; sourceTree = "<group>"; };
		B848546D25CFC023003B33B7 /* ne.png */ = {isa = PBXFileReference; lastKnownFileType = image.png; path = ne.png; sourceTree = "<group>"; };
		B848547225CFC03A003B33B7 /* no.png */ = {isa = PBXFileReference; lastKnownFileType = image.png; path = no.png; sourceTree = "<group>"; };
		B848547725CFC03F003B33B7 /* ha.png */ = {isa = PBXFileReference; lastKnownFileType = image.png; path = ha.png; sourceTree = "<group>"; };
		B848547C25CFC044003B33B7 /* hi.png */ = {isa = PBXFileReference; lastKnownFileType = image.png; path = hi.png; sourceTree = "<group>"; };
		B848548125CFC04B003B33B7 /* fu.png */ = {isa = PBXFileReference; lastKnownFileType = image.png; path = fu.png; sourceTree = "<group>"; };
		B848548625CFC050003B33B7 /* he.png */ = {isa = PBXFileReference; lastKnownFileType = image.png; path = he.png; sourceTree = "<group>"; };
		B848548B25CFC054003B33B7 /* ho.png */ = {isa = PBXFileReference; lastKnownFileType = image.png; path = ho.png; sourceTree = "<group>"; };
		B848549025CFC059003B33B7 /* ma.png */ = {isa = PBXFileReference; lastKnownFileType = image.png; path = ma.png; sourceTree = "<group>"; };
		B848549525CFC05E003B33B7 /* mi.png */ = {isa = PBXFileReference; lastKnownFileType = image.png; path = mi.png; sourceTree = "<group>"; };
		B848549A25CFC061003B33B7 /* mu.png */ = {isa = PBXFileReference; lastKnownFileType = image.png; path = mu.png; sourceTree = "<group>"; };
		B848549F25CFC067003B33B7 /* me.png */ = {isa = PBXFileReference; lastKnownFileType = image.png; path = me.png; sourceTree = "<group>"; };
		B84854A425CFC06E003B33B7 /* mo.png */ = {isa = PBXFileReference; lastKnownFileType = image.png; path = mo.png; sourceTree = "<group>"; };
		B84854A925CFC072003B33B7 /* ya.png */ = {isa = PBXFileReference; lastKnownFileType = image.png; path = ya.png; sourceTree = "<group>"; };
		B84854AE25CFC076003B33B7 /* yu.png */ = {isa = PBXFileReference; lastKnownFileType = image.png; path = yu.png; sourceTree = "<group>"; };
		B84854B325CFC07A003B33B7 /* yo.png */ = {isa = PBXFileReference; lastKnownFileType = image.png; path = yo.png; sourceTree = "<group>"; };
		B84854B825CFC07E003B33B7 /* ra.png */ = {isa = PBXFileReference; lastKnownFileType = image.png; path = ra.png; sourceTree = "<group>"; };
		B84854BD25CFC083003B33B7 /* ri.png */ = {isa = PBXFileReference; lastKnownFileType = image.png; path = ri.png; sourceTree = "<group>"; };
		B84854C225CFC087003B33B7 /* ru.png */ = {isa = PBXFileReference; lastKnownFileType = image.png; path = ru.png; sourceTree = "<group>"; };
		B84854C725CFC092003B33B7 /* re.png */ = {isa = PBXFileReference; lastKnownFileType = image.png; path = re.png; sourceTree = "<group>"; };
		B84854CC25CFC096003B33B7 /* ro.png */ = {isa = PBXFileReference; lastKnownFileType = image.png; path = ro.png; sourceTree = "<group>"; };
		B84854D125CFC09C003B33B7 /* wa.png */ = {isa = PBXFileReference; lastKnownFileType = image.png; path = wa.png; sourceTree = "<group>"; };
		B84854D625CFC0A0003B33B7 /* wo.png */ = {isa = PBXFileReference; lastKnownFileType = image.png; path = wo.png; sourceTree = "<group>"; };
		B84854DB25CFC0A8003B33B7 /* nn.png */ = {isa = PBXFileReference; lastKnownFileType = image.png; path = nn.png; sourceTree = "<group>"; };
		B8A62E03260F11A500B92C1C /* Base */ = {isa = PBXFileReference; lastKnownFileType = file.storyboard; name = Base; path = Base.lproj/Main.storyboard; sourceTree = "<group>"; };
		B8A62E08260F124B00B92C1C /* kanjinumberDetailViewController.swift */ = {isa = PBXFileReference; lastKnownFileType = sourcecode.swift; path = kanjinumberDetailViewController.swift; sourceTree = "<group>"; };
		B8A62E0D260F737A00B92C1C /* ジュウ.png */ = {isa = PBXFileReference; lastKnownFileType = image.png; path = "ジュウ.png"; sourceTree = "<group>"; };
		B8A62E12260F76F900B92C1C /* ニジュウ　.png */ = {isa = PBXFileReference; lastKnownFileType = image.png; path = "ニジュウ　.png"; sourceTree = "<group>"; };
		B8A62E1C2610248F00B92C1C /* zero.png */ = {isa = PBXFileReference; lastKnownFileType = image.png; path = zero.png; sourceTree = "<group>"; };
		B8A62E232610252600B92C1C /* zero.png */ = {isa = PBXFileReference; lastKnownFileType = image.png; name = zero.png; path = ../../../../Downloads/zero.png; sourceTree = "<group>"; };
		B8A62E2D2610510200B92C1C /* manynumberDetailViewController.swift */ = {isa = PBXFileReference; lastKnownFileType = sourcecode.swift; path = manynumberDetailViewController.swift; sourceTree = "<group>"; };
/* End PBXFileReference section */

/* Begin PBXFrameworksBuildPhase section */
		B848535525BD2556003B33B7 /* Frameworks */ = {
			isa = PBXFrameworksBuildPhase;
			buildActionMask = 2147483647;
			files = (
			);
			runOnlyForDeploymentPostprocessing = 0;
		};
		B848536B25BD255F003B33B7 /* Frameworks */ = {
			isa = PBXFrameworksBuildPhase;
			buildActionMask = 2147483647;
			files = (
			);
			runOnlyForDeploymentPostprocessing = 0;
		};
		B848537625BD255F003B33B7 /* Frameworks */ = {
			isa = PBXFrameworksBuildPhase;
			buildActionMask = 2147483647;
			files = (
			);
			runOnlyForDeploymentPostprocessing = 0;
		};
/* End PBXFrameworksBuildPhase section */

/* Begin PBXGroup section */
		B848534F25BD2556003B33B7 = {
			isa = PBXGroup;
			children = (
				B848535A25BD2556003B33B7 /* syuwaapp */,
				B848537125BD255F003B33B7 /* syuwaappTests */,
				B848537C25BD255F003B33B7 /* syuwaappUITests */,
				B848535925BD2556003B33B7 /* Products */,
			);
			sourceTree = "<group>";
		};
		B848535925BD2556003B33B7 /* Products */ = {
			isa = PBXGroup;
			children = (
				B848535825BD2556003B33B7 /* syuwaapp.app */,
				B848536E25BD255F003B33B7 /* syuwaappTests.xctest */,
				B848537925BD255F003B33B7 /* syuwaappUITests.xctest */,
			);
			name = Products;
			sourceTree = "<group>";
		};
		B848535A25BD2556003B33B7 /* syuwaapp */ = {
			isa = PBXGroup;
			children = (
				B848535B25BD2556003B33B7 /* AppDelegate.swift */,
				B8A62E02260F11A500B92C1C /* Main.storyboard */,
				B8A62E08260F124B00B92C1C /* kanjinumberDetailViewController.swift */,
				B80C109F260B594700298090 /* numberDetailViewController.swift */,
				B80C1081260B3ED600298090 /* numberListViewController.swift */,
				B8A62E1B2610243F00B92C1C /* AccentImage */,
				B84853F925CF9431003B33B7 /* SyuwaImage */,
				B84853AA25BD8AEF003B33B7 /* characterListViewController.swift */,
				B84853EA25BDB6EE003B33B7 /* characterDetailViewController.swift */,
				B848535D25BD2556003B33B7 /* SceneDelegate.swift */,
				B848535F25BD2556003B33B7 /* ViewController.swift */,
				B84853A225BD6CB9003B33B7 /* syuwaViewController.swift */,
				B848536425BD255E003B33B7 /* Assets.xcassets */,
				B848536625BD255E003B33B7 /* LaunchScreen.storyboard */,
				B848536925BD255E003B33B7 /* Info.plist */,
				B8A62E2D2610510200B92C1C /* manynumberDetailViewController.swift */,
			);
			path = syuwaapp;
			sourceTree = "<group>";
		};
		B848537125BD255F003B33B7 /* syuwaappTests */ = {
			isa = PBXGroup;
			children = (
				B848537225BD255F003B33B7 /* syuwaappTests.swift */,
				B848537425BD255F003B33B7 /* Info.plist */,
			);
			path = syuwaappTests;
			sourceTree = "<group>";
		};
		B848537C25BD255F003B33B7 /* syuwaappUITests */ = {
			isa = PBXGroup;
			children = (
				B848537D25BD255F003B33B7 /* syuwaappUITests.swift */,
				B848537F25BD255F003B33B7 /* Info.plist */,
			);
			path = syuwaappUITests;
			sourceTree = "<group>";
		};
		B84853F925CF9431003B33B7 /* SyuwaImage */ = {
			isa = PBXGroup;
			children = (
				B84853F425BDC13A003B33B7 /* アセット 13.png */,
				B8A62E12260F76F900B92C1C /* ニジュウ　.png */,
				B8A62E0D260F737A00B92C1C /* ジュウ.png */,
				B80C10B3260B5D9000298090 /* go.png */,
				B8A62E1C2610248F00B92C1C /* zero.png */,
				B80C10A9260B5D3C00298090 /* san.png */,
				B80C10AE260B5D7100298090 /* yonn.png */,
				B80C10BD260B5E2000298090 /* hati.png */,
				B80C10C2260B5E2D00298090 /* nana.png */,
				B80C10A4260B5D2700298090 /* nii.png */,
				B80C10C7260B5E4800298090 /* kyu.png */,
				B80C10CC260B5E4C00298090 /* jyuu.png */,
				B80C10B8260B5DDB00298090 /* roku.png */,
				B80C108B260B50E700298090 /* iti.png */,
				B84853FA25CF94BE003B33B7 /* a.png */,
				B84853FF25CF9531003B33B7 /* i.png */,
				B848540425CFBE80003B33B7 /* u.png */,
				B848540925CFBF97003B33B7 /* e.png */,
				B848540E25CFBFA2003B33B7 /* o.png */,
				B848541325CFBFAA003B33B7 /* ka.png */,
				B848541825CFBFAF003B33B7 /* ki.png */,
				B848541D25CFBFB5003B33B7 /* ku.png */,
				B848542225CFBFBA003B33B7 /* ke.png */,
				B848542725CFBFC4003B33B7 /* ko.png */,
				B848542C25CFBFC8003B33B7 /* sa.png */,
				B848543125CFBFCD003B33B7 /* si.png */,
				B848543625CFBFD5003B33B7 /* su.png */,
				B848543B25CFBFD8003B33B7 /* se.png */,
				B848544025CFBFDD003B33B7 /* so.png */,
				B848544525CFBFE2003B33B7 /* ta.png */,
				B848544A25CFBFE7003B33B7 /* ti.png */,
				B848544F25CFBFEC003B33B7 /* tu.png */,
				B848547725CFC03F003B33B7 /* ha.png */,
				B848545425CFBFF5003B33B7 /* te.png */,
				B848545925CFC00E003B33B7 /* to.png */,
				B848545E25CFC017003B33B7 /* na.png */,
				B848546325CFC01B003B33B7 /* ni.png */,
				B848546825CFC01F003B33B7 /* nu.png */,
				B848546D25CFC023003B33B7 /* ne.png */,
				B848547225CFC03A003B33B7 /* no.png */,
				B848547C25CFC044003B33B7 /* hi.png */,
				B848548125CFC04B003B33B7 /* fu.png */,
				B848548625CFC050003B33B7 /* he.png */,
				B848548B25CFC054003B33B7 /* ho.png */,
				B848549025CFC059003B33B7 /* ma.png */,
				B848549525CFC05E003B33B7 /* mi.png */,
				B848549A25CFC061003B33B7 /* mu.png */,
				B848549F25CFC067003B33B7 /* me.png */,
				B84854A425CFC06E003B33B7 /* mo.png */,
				B84854A925CFC072003B33B7 /* ya.png */,
				B84854AE25CFC076003B33B7 /* yu.png */,
				B84854B325CFC07A003B33B7 /* yo.png */,
				B84854B825CFC07E003B33B7 /* ra.png */,
				B84854BD25CFC083003B33B7 /* ri.png */,
				B84854C225CFC087003B33B7 /* ru.png */,
				B84854C725CFC092003B33B7 /* re.png */,
				B84854CC25CFC096003B33B7 /* ro.png */,
				B84854D125CFC09C003B33B7 /* wa.png */,
				B84854D625CFC0A0003B33B7 /* wo.png */,
				B84854DB25CFC0A8003B33B7 /* nn.png */,
				B8A62E232610252600B92C1C /* zero.png */,
			);
			path = SyuwaImage;
			sourceTree = "<group>";
		};
		B8A62E1B2610243F00B92C1C /* AccentImage */ = {
			isa = PBXGroup;
			children = (
				B848538E25BD397D003B33B7 /* jiji.png */,
				B84853B725BD9178003B33B7 /* アセット 2.png */,
				B848539D25BD4B20003B33B7 /* otoko.png */,
				B848539325BD3A24003B33B7 /* baba.png */,
				B84853E525BD9DFA003B33B7 /* アセット 11.png */,
				B84853C925BD9668003B33B7 /* アセット 6.png */,
				B80C1079260B358A00298090 /* アセット 15_1.png */,
				B84853BC25BD9232003B33B7 /* アセット 4.png */,
				B84853D825BD9738003B33B7 /* アセット 9.png */,
				B84853D325BD96F2003B33B7 /* アセット 8.png */,
				B84853C125BD9606003B33B7 /* アセット 5.png */,
				B84853E025BD9786003B33B7 /* アセット 10.png */,
				B84853CE25BD96B8003B33B7 /* アセット 7.png */,
				B84853AF25BD8E60003B33B7 /* アセット 1.png */,
				B848539825BD4ABC003B33B7 /* onnna.png */,
			);
			path = AccentImage;
			sourceTree = "<group>";
		};
/* End PBXGroup section */

/* Begin PBXNativeTarget section */
		B848535725BD2556003B33B7 /* syuwaapp */ = {
			isa = PBXNativeTarget;
			buildConfigurationList = B848538225BD255F003B33B7 /* Build configuration list for PBXNativeTarget "syuwaapp" */;
			buildPhases = (
				B848535425BD2556003B33B7 /* Sources */,
				B848535525BD2556003B33B7 /* Frameworks */,
				B848535625BD2556003B33B7 /* Resources */,
			);
			buildRules = (
			);
			dependencies = (
			);
			name = syuwaapp;
			productName = syuwaapp;
			productReference = B848535825BD2556003B33B7 /* syuwaapp.app */;
			productType = "com.apple.product-type.application";
		};
		B848536D25BD255F003B33B7 /* syuwaappTests */ = {
			isa = PBXNativeTarget;
			buildConfigurationList = B848538525BD255F003B33B7 /* Build configuration list for PBXNativeTarget "syuwaappTests" */;
			buildPhases = (
				B848536A25BD255F003B33B7 /* Sources */,
				B848536B25BD255F003B33B7 /* Frameworks */,
				B848536C25BD255F003B33B7 /* Resources */,
			);
			buildRules = (
			);
			dependencies = (
				B848537025BD255F003B33B7 /* PBXTargetDependency */,
			);
			name = syuwaappTests;
			productName = syuwaappTests;
			productReference = B848536E25BD255F003B33B7 /* syuwaappTests.xctest */;
			productType = "com.apple.product-type.bundle.unit-test";
		};
		B848537825BD255F003B33B7 /* syuwaappUITests */ = {
			isa = PBXNativeTarget;
			buildConfigurationList = B848538825BD255F003B33B7 /* Build configuration list for PBXNativeTarget "syuwaappUITests" */;
			buildPhases = (
				B848537525BD255F003B33B7 /* Sources */,
				B848537625BD255F003B33B7 /* Frameworks */,
				B848537725BD255F003B33B7 /* Resources */,
			);
			buildRules = (
			);
			dependencies = (
				B848537B25BD255F003B33B7 /* PBXTargetDependency */,
			);
			name = syuwaappUITests;
			productName = syuwaappUITests;
			productReference = B848537925BD255F003B33B7 /* syuwaappUITests.xctest */;
			productType = "com.apple.product-type.bundle.ui-testing";
		};
/* End PBXNativeTarget section */

/* Begin PBXProject section */
		B848535025BD2556003B33B7 /* Project object */ = {
			isa = PBXProject;
			attributes = {
				LastSwiftUpdateCheck = 1230;
				LastUpgradeCheck = 1230;
				TargetAttributes = {
					B848535725BD2556003B33B7 = {
						CreatedOnToolsVersion = 12.3;
					};
					B848536D25BD255F003B33B7 = {
						CreatedOnToolsVersion = 12.3;
						TestTargetID = B848535725BD2556003B33B7;
					};
					B848537825BD255F003B33B7 = {
						CreatedOnToolsVersion = 12.3;
						TestTargetID = B848535725BD2556003B33B7;
					};
				};
			};
			buildConfigurationList = B848535325BD2556003B33B7 /* Build configuration list for PBXProject "syuwaapp" */;
			compatibilityVersion = "Xcode 9.3";
			developmentRegion = en;
			hasScannedForEncodings = 0;
			knownRegions = (
				en,
				Base,
			);
			mainGroup = B848534F25BD2556003B33B7;
			productRefGroup = B848535925BD2556003B33B7 /* Products */;
			projectDirPath = "";
			projectRoot = "";
			targets = (
				B848535725BD2556003B33B7 /* syuwaapp */,
				B848536D25BD255F003B33B7 /* syuwaappTests */,
				B848537825BD255F003B33B7 /* syuwaappUITests */,
			);
		};
/* End PBXProject section */

/* Begin PBXResourcesBuildPhase section */
		B848535625BD2556003B33B7 /* Resources */ = {
			isa = PBXResourcesBuildPhase;
			buildActionMask = 2147483647;
			files = (
				B84854DC25CFC0A8003B33B7 /* nn.png in Resources */,
				B848545F25CFC017003B33B7 /* na.png in Resources */,
				B848545A25CFC00E003B33B7 /* to.png in Resources */,
				B80C10C8260B5E4800298090 /* kyu.png in Resources */,
				B848541425CFBFAB003B33B7 /* ka.png in Resources */,
				B848545025CFBFED003B33B7 /* tu.png in Resources */,
				B848543725CFBFD5003B33B7 /* su.png in Resources */,
				B848547825CFC040003B33B7 /* ha.png in Resources */,
				B848542325CFBFBA003B33B7 /* ke.png in Resources */,
				B848547325CFC03B003B33B7 /* no.png in Resources */,
				B80C10BE260B5E2100298090 /* hati.png in Resources */,
				B848549625CFC05E003B33B7 /* mi.png in Resources */,
				B80C10B9260B5DDB00298090 /* roku.png in Resources */,
				B848547D25CFC044003B33B7 /* hi.png in Resources */,
				B848546925CFC020003B33B7 /* nu.png in Resources */,
				B848539E25BD4B20003B33B7 /* otoko.png in Resources */,
				B80C10C3260B5E2D00298090 /* nana.png in Resources */,
				B848536825BD255E003B33B7 /* LaunchScreen.storyboard in Resources */,
				B848539425BD3A24003B33B7 /* baba.png in Resources */,
				B84853D425BD96F2003B33B7 /* アセット 8.png in Resources */,
				B84854AA25CFC073003B33B7 /* ya.png in Resources */,
				B848545525CFBFF6003B33B7 /* te.png in Resources */,
				B84853CF25BD96B9003B33B7 /* アセット 7.png in Resources */,
				B848548C25CFC055003B33B7 /* ho.png in Resources */,
				B80C108C260B50E700298090 /* iti.png in Resources */,
				B84853BD25BD9232003B33B7 /* アセット 4.png in Resources */,
				B848543C25CFBFD9003B33B7 /* se.png in Resources */,
				B848540025CF9531003B33B7 /* i.png in Resources */,
				B84854BE25CFC083003B33B7 /* ri.png in Resources */,
				B848544125CFBFDE003B33B7 /* so.png in Resources */,
				B84854AF25CFC076003B33B7 /* yu.png in Resources */,
				B848538F25BD397E003B33B7 /* jiji.png in Resources */,
				B8A62E04260F11A500B92C1C /* Main.storyboard in Resources */,
				B84853E625BD9DFB003B33B7 /* アセット 11.png in Resources */,
				B8A62E13260F76FA00B92C1C /* ニジュウ　.png in Resources */,
				B848548725CFC050003B33B7 /* he.png in Resources */,
				B80C107A260B358B00298090 /* アセット 15_1.png in Resources */,
				B84853E125BD9786003B33B7 /* アセット 10.png in Resources */,
				B84854D225CFC09C003B33B7 /* wa.png in Resources */,
				B848536525BD255E003B33B7 /* Assets.xcassets in Resources */,
				B84854D725CFC0A0003B33B7 /* wo.png in Resources */,
				B848540525CFBE81003B33B7 /* u.png in Resources */,
				B84854A025CFC067003B33B7 /* me.png in Resources */,
				B84854C825CFC092003B33B7 /* re.png in Resources */,
				B8A62E0E260F737A00B92C1C /* ジュウ.png in Resources */,
				B848541925CFBFB0003B33B7 /* ki.png in Resources */,
				B84854CD25CFC097003B33B7 /* ro.png in Resources */,
				B848546E25CFC023003B33B7 /* ne.png in Resources */,
				B848544B25CFBFE7003B33B7 /* ti.png in Resources */,
				B848539925BD4ABD003B33B7 /* onnna.png in Resources */,
				B848542825CFBFC5003B33B7 /* ko.png in Resources */,
				B84854B925CFC07E003B33B7 /* ra.png in Resources */,
				B848541E25CFBFB6003B33B7 /* ku.png in Resources */,
				B84853CA25BD9669003B33B7 /* アセット 6.png in Resources */,
				B84854C325CFC087003B33B7 /* ru.png in Resources */,
				B84854B425CFC07B003B33B7 /* yo.png in Resources */,
				B80C10CD260B5E4C00298090 /* jyuu.png in Resources */,
				B84853C225BD9607003B33B7 /* アセット 5.png in Resources */,
				B848549125CFC059003B33B7 /* ma.png in Resources */,
				B848540F25CFBFA3003B33B7 /* o.png in Resources */,
				B848548225CFC04B003B33B7 /* fu.png in Resources */,
				B848549B25CFC062003B33B7 /* mu.png in Resources */,
				B84853FB25CF94BF003B33B7 /* a.png in Resources */,
				B848544625CFBFE3003B33B7 /* ta.png in Resources */,
				B848540A25CFBF98003B33B7 /* e.png in Resources */,
				B84853B025BD8E61003B33B7 /* アセット 1.png in Resources */,
				B80C10AA260B5D3C00298090 /* san.png in Resources */,
				B848542D25CFBFC9003B33B7 /* sa.png in Resources */,
				B80C10B4260B5D9000298090 /* go.png in Resources */,
				B80C10AF260B5D7100298090 /* yonn.png in Resources */,
				B84854A525CFC06F003B33B7 /* mo.png in Resources */,
				B80C10A5260B5D2700298090 /* nii.png in Resources */,
				B84853F525BDC13A003B33B7 /* アセット 13.png in Resources */,
				B848546425CFC01B003B33B7 /* ni.png in Resources */,
				B848543225CFBFCD003B33B7 /* si.png in Resources */,
				B84853D925BD9738003B33B7 /* アセット 9.png in Resources */,
				B84853B825BD9178003B33B7 /* アセット 2.png in Resources */,
			);
			runOnlyForDeploymentPostprocessing = 0;
		};
		B848536C25BD255F003B33B7 /* Resources */ = {
			isa = PBXResourcesBuildPhase;
			buildActionMask = 2147483647;
			files = (
			);
			runOnlyForDeploymentPostprocessing = 0;
		};
		B848537725BD255F003B33B7 /* Resources */ = {
			isa = PBXResourcesBuildPhase;
			buildActionMask = 2147483647;
			files = (
			);
			runOnlyForDeploymentPostprocessing = 0;
		};
/* End PBXResourcesBuildPhase section */

/* Begin PBXSourcesBuildPhase section */
		B848535425BD2556003B33B7 /* Sources */ = {
			isa = PBXSourcesBuildPhase;
			buildActionMask = 2147483647;
			files = (
				B8A62E09260F124B00B92C1C /* kanjinumberDetailViewController.swift in Sources */,
				B84853A325BD6CB9003B33B7 /* syuwaViewController.swift in Sources */,
				B848536025BD2556003B33B7 /* ViewController.swift in Sources */,
				B848535C25BD2556003B33B7 /* AppDelegate.swift in Sources */,
				B84853AB25BD8AF0003B33B7 /* characterListViewController.swift in Sources */,
				B8A62E2E2610510200B92C1C /* manynumberDetailViewController.swift in Sources */,
				B80C1082260B3ED600298090 /* numberListViewController.swift in Sources */,
				B80C10A0260B594700298090 /* numberDetailViewController.swift in Sources */,
				B848535E25BD2556003B33B7 /* SceneDelegate.swift in Sources */,
				B84853EB25BDB6EF003B33B7 /* characterDetailViewController.swift in Sources */,
			);
			runOnlyForDeploymentPostprocessing = 0;
		};
		B848536A25BD255F003B33B7 /* Sources */ = {
			isa = PBXSourcesBuildPhase;
			buildActionMask = 2147483647;
			files = (
				B848537325BD255F003B33B7 /* syuwaappTests.swift in Sources */,
			);
			runOnlyForDeploymentPostprocessing = 0;
		};
		B848537525BD255F003B33B7 /* Sources */ = {
			isa = PBXSourcesBuildPhase;
			buildActionMask = 2147483647;
			files = (
				B848537E25BD255F003B33B7 /* syuwaappUITests.swift in Sources */,
			);
			runOnlyForDeploymentPostprocessing = 0;
		};
/* End PBXSourcesBuildPhase section */

/* Begin PBXTargetDependency section */
		B848537025BD255F003B33B7 /* PBXTargetDependency */ = {
			isa = PBXTargetDependency;
			target = B848535725BD2556003B33B7 /* syuwaapp */;
			targetProxy = B848536F25BD255F003B33B7 /* PBXContainerItemProxy */;
		};
		B848537B25BD255F003B33B7 /* PBXTargetDependency */ = {
			isa = PBXTargetDependency;
			target = B848535725BD2556003B33B7 /* syuwaapp */;
			targetProxy = B848537A25BD255F003B33B7 /* PBXContainerItemProxy */;
		};
/* End PBXTargetDependency section */

/* Begin PBXVariantGroup section */
		B848536625BD255E003B33B7 /* LaunchScreen.storyboard */ = {
			isa = PBXVariantGroup;
			children = (
				B848536725BD255E003B33B7 /* Base */,
			);
			name = LaunchScreen.storyboard;
			sourceTree = "<group>";
		};
		B8A62E02260F11A500B92C1C /* Main.storyboard */ = {
			isa = PBXVariantGroup;
			children = (
				B8A62E03260F11A500B92C1C /* Base */,
			);
			name = Main.storyboard;
			sourceTree = "<group>";
		};
/* End PBXVariantGroup section */

/* Begin XCBuildConfiguration section */
		B848538025BD255F003B33B7 /* Debug */ = {
			isa = XCBuildConfiguration;
			buildSettings = {
				ALWAYS_SEARCH_USER_PATHS = NO;
				CLANG_ANALYZER_NONNULL = YES;
				CLANG_ANALYZER_NUMBER_OBJECT_CONVERSION = YES_AGGRESSIVE;
				CLANG_CXX_LANGUAGE_STANDARD = "gnu++14";
				CLANG_CXX_LIBRARY = "libc++";
				CLANG_ENABLE_MODULES = YES;
				CLANG_ENABLE_OBJC_ARC = YES;
				CLANG_ENABLE_OBJC_WEAK = YES;
				CLANG_WARN_BLOCK_CAPTURE_AUTORELEASING = YES;
				CLANG_WARN_BOOL_CONVERSION = YES;
				CLANG_WARN_COMMA = YES;
				CLANG_WARN_CONSTANT_CONVERSION = YES;
				CLANG_WARN_DEPRECATED_OBJC_IMPLEMENTATIONS = YES;
				CLANG_WARN_DIRECT_OBJC_ISA_USAGE = YES_ERROR;
				CLANG_WARN_DOCUMENTATION_COMMENTS = YES;
				CLANG_WARN_EMPTY_BODY = YES;
				CLANG_WARN_ENUM_CONVERSION = YES;
				CLANG_WARN_INFINITE_RECURSION = YES;
				CLANG_WARN_INT_CONVERSION = YES;
				CLANG_WARN_NON_LITERAL_NULL_CONVERSION = YES;
				CLANG_WARN_OBJC_IMPLICIT_RETAIN_SELF = YES;
				CLANG_WARN_OBJC_LITERAL_CONVERSION = YES;
				CLANG_WARN_OBJC_ROOT_CLASS = YES_ERROR;
				CLANG_WARN_QUOTED_INCLUDE_IN_FRAMEWORK_HEADER = YES;
				CLANG_WARN_RANGE_LOOP_ANALYSIS = YES;
				CLANG_WARN_STRICT_PROTOTYPES = YES;
				CLANG_WARN_SUSPICIOUS_MOVE = YES;
				CLANG_WARN_UNGUARDED_AVAILABILITY = YES_AGGRESSIVE;
				CLANG_WARN_UNREACHABLE_CODE = YES;
				CLANG_WARN__DUPLICATE_METHOD_MATCH = YES;
				COPY_PHASE_STRIP = NO;
				DEBUG_INFORMATION_FORMAT = dwarf;
				ENABLE_STRICT_OBJC_MSGSEND = YES;
				ENABLE_TESTABILITY = YES;
				GCC_C_LANGUAGE_STANDARD = gnu11;
				GCC_DYNAMIC_NO_PIC = NO;
				GCC_NO_COMMON_BLOCKS = YES;
				GCC_OPTIMIZATION_LEVEL = 0;
				GCC_PREPROCESSOR_DEFINITIONS = (
					"DEBUG=1",
					"$(inherited)",
				);
				GCC_WARN_64_TO_32_BIT_CONVERSION = YES;
				GCC_WARN_ABOUT_RETURN_TYPE = YES_ERROR;
				GCC_WARN_UNDECLARED_SELECTOR = YES;
				GCC_WARN_UNINITIALIZED_AUTOS = YES_AGGRESSIVE;
				GCC_WARN_UNUSED_FUNCTION = YES;
				GCC_WARN_UNUSED_VARIABLE = YES;
				IPHONEOS_DEPLOYMENT_TARGET = 14.3;
				MTL_ENABLE_DEBUG_INFO = INCLUDE_SOURCE;
				MTL_FAST_MATH = YES;
				ONLY_ACTIVE_ARCH = YES;
				SDKROOT = iphoneos;
				SWIFT_ACTIVE_COMPILATION_CONDITIONS = DEBUG;
				SWIFT_OPTIMIZATION_LEVEL = "-Onone";
			};
			name = Debug;
		};
		B848538125BD255F003B33B7 /* Release */ = {
			isa = XCBuildConfiguration;
			buildSettings = {
				ALWAYS_SEARCH_USER_PATHS = NO;
				CLANG_ANALYZER_NONNULL = YES;
				CLANG_ANALYZER_NUMBER_OBJECT_CONVERSION = YES_AGGRESSIVE;
				CLANG_CXX_LANGUAGE_STANDARD = "gnu++14";
				CLANG_CXX_LIBRARY = "libc++";
				CLANG_ENABLE_MODULES = YES;
				CLANG_ENABLE_OBJC_ARC = YES;
				CLANG_ENABLE_OBJC_WEAK = YES;
				CLANG_WARN_BLOCK_CAPTURE_AUTORELEASING = YES;
				CLANG_WARN_BOOL_CONVERSION = YES;
				CLANG_WARN_COMMA = YES;
				CLANG_WARN_CONSTANT_CONVERSION = YES;
				CLANG_WARN_DEPRECATED_OBJC_IMPLEMENTATIONS = YES;
				CLANG_WARN_DIRECT_OBJC_ISA_USAGE = YES_ERROR;
				CLANG_WARN_DOCUMENTATION_COMMENTS = YES;
				CLANG_WARN_EMPTY_BODY = YES;
				CLANG_WARN_ENUM_CONVERSION = YES;
				CLANG_WARN_INFINITE_RECURSION = YES;
				CLANG_WARN_INT_CONVERSION = YES;
				CLANG_WARN_NON_LITERAL_NULL_CONVERSION = YES;
				CLANG_WARN_OBJC_IMPLICIT_RETAIN_SELF = YES;
				CLANG_WARN_OBJC_LITERAL_CONVERSION = YES;
				CLANG_WARN_OBJC_ROOT_CLASS = YES_ERROR;
				CLANG_WARN_QUOTED_INCLUDE_IN_FRAMEWORK_HEADER = YES;
				CLANG_WARN_RANGE_LOOP_ANALYSIS = YES;
				CLANG_WARN_STRICT_PROTOTYPES = YES;
				CLANG_WARN_SUSPICIOUS_MOVE = YES;
				CLANG_WARN_UNGUARDED_AVAILABILITY = YES_AGGRESSIVE;
				CLANG_WARN_UNREACHABLE_CODE = YES;
				CLANG_WARN__DUPLICATE_METHOD_MATCH = YES;
				COPY_PHASE_STRIP = NO;
				DEBUG_INFORMATION_FORMAT = "dwarf-with-dsym";
				ENABLE_NS_ASSERTIONS = NO;
				ENABLE_STRICT_OBJC_MSGSEND = YES;
				GCC_C_LANGUAGE_STANDARD = gnu11;
				GCC_NO_COMMON_BLOCKS = YES;
				GCC_WARN_64_TO_32_BIT_CONVERSION = YES;
				GCC_WARN_ABOUT_RETURN_TYPE = YES_ERROR;
				GCC_WARN_UNDECLARED_SELECTOR = YES;
				GCC_WARN_UNINITIALIZED_AUTOS = YES_AGGRESSIVE;
				GCC_WARN_UNUSED_FUNCTION = YES;
				GCC_WARN_UNUSED_VARIABLE = YES;
				IPHONEOS_DEPLOYMENT_TARGET = 14.3;
				MTL_ENABLE_DEBUG_INFO = NO;
				MTL_FAST_MATH = YES;
				SDKROOT = iphoneos;
				SWIFT_COMPILATION_MODE = wholemodule;
				SWIFT_OPTIMIZATION_LEVEL = "-O";
				VALIDATE_PRODUCT = YES;
			};
			name = Release;
		};
		B848538325BD255F003B33B7 /* Debug */ = {
			isa = XCBuildConfiguration;
			buildSettings = {
				ASSETCATALOG_COMPILER_APPICON_NAME = AppIcon;
				ASSETCATALOG_COMPILER_GLOBAL_ACCENT_COLOR_NAME = AccentColor;
				CODE_SIGN_STYLE = Automatic;
				DEVELOPMENT_TEAM = 6B7X9487DJ;
				INFOPLIST_FILE = syuwaapp/Info.plist;
				LD_RUNPATH_SEARCH_PATHS = (
					"$(inherited)",
					"@executable_path/Frameworks",
				);
				PRODUCT_BUNDLE_IDENTIFIER = com.litech.syuwaapp;
				PRODUCT_NAME = "$(TARGET_NAME)";
				SWIFT_VERSION = 5.0;
				TARGETED_DEVICE_FAMILY = "1,2";
			};
			name = Debug;
		};
		B848538425BD255F003B33B7 /* Release */ = {
			isa = XCBuildConfiguration;
			buildSettings = {
				ASSETCATALOG_COMPILER_APPICON_NAME = AppIcon;
				ASSETCATALOG_COMPILER_GLOBAL_ACCENT_COLOR_NAME = AccentColor;
				CODE_SIGN_STYLE = Automatic;
				DEVELOPMENT_TEAM = 6B7X9487DJ;
				INFOPLIST_FILE = syuwaapp/Info.plist;
				LD_RUNPATH_SEARCH_PATHS = (
					"$(inherited)",
					"@executable_path/Frameworks",
				);
				PRODUCT_BUNDLE_IDENTIFIER = com.litech.syuwaapp;
				PRODUCT_NAME = "$(TARGET_NAME)";
				SWIFT_VERSION = 5.0;
				TARGETED_DEVICE_FAMILY = "1,2";
			};
			name = Release;
		};
		B848538625BD255F003B33B7 /* Debug */ = {
			isa = XCBuildConfiguration;
			buildSettings = {
				ALWAYS_EMBED_SWIFT_STANDARD_LIBRARIES = YES;
				BUNDLE_LOADER = "$(TEST_HOST)";
				CODE_SIGN_STYLE = Automatic;
				DEVELOPMENT_TEAM = 6B7X9487DJ;
				INFOPLIST_FILE = syuwaappTests/Info.plist;
				IPHONEOS_DEPLOYMENT_TARGET = 14.3;
				LD_RUNPATH_SEARCH_PATHS = (
					"$(inherited)",
					"@executable_path/Frameworks",
					"@loader_path/Frameworks",
				);
				PRODUCT_BUNDLE_IDENTIFIER = com.litech.syuwaappTests;
				PRODUCT_NAME = "$(TARGET_NAME)";
				SWIFT_VERSION = 5.0;
				TARGETED_DEVICE_FAMILY = "1,2";
				TEST_HOST = "$(BUILT_PRODUCTS_DIR)/syuwaapp.app/syuwaapp";
			};
			name = Debug;
		};
		B848538725BD255F003B33B7 /* Release */ = {
			isa = XCBuildConfiguration;
			buildSettings = {
				ALWAYS_EMBED_SWIFT_STANDARD_LIBRARIES = YES;
				BUNDLE_LOADER = "$(TEST_HOST)";
				CODE_SIGN_STYLE = Automatic;
				DEVELOPMENT_TEAM = 6B7X9487DJ;
				INFOPLIST_FILE = syuwaappTests/Info.plist;
				IPHONEOS_DEPLOYMENT_TARGET = 14.3;
				LD_RUNPATH_SEARCH_PATHS = (
					"$(inherited)",
					"@executable_path/Frameworks",
					"@loader_path/Frameworks",
				);
				PRODUCT_BUNDLE_IDENTIFIER = com.litech.syuwaappTests;
				PRODUCT_NAME = "$(TARGET_NAME)";
				SWIFT_VERSION = 5.0;
				TARGETED_DEVICE_FAMILY = "1,2";
				TEST_HOST = "$(BUILT_PRODUCTS_DIR)/syuwaapp.app/syuwaapp";
			};
			name = Release;
		};
		B848538925BD255F003B33B7 /* Debug */ = {
			isa = XCBuildConfiguration;
			buildSettings = {
				ALWAYS_EMBED_SWIFT_STANDARD_LIBRARIES = YES;
				CODE_SIGN_STYLE = Automatic;
				DEVELOPMENT_TEAM = 6B7X9487DJ;
				INFOPLIST_FILE = syuwaappUITests/Info.plist;
				LD_RUNPATH_SEARCH_PATHS = (
					"$(inherited)",
					"@executable_path/Frameworks",
					"@loader_path/Frameworks",
				);
				PRODUCT_BUNDLE_IDENTIFIER = com.litech.syuwaappUITests;
				PRODUCT_NAME = "$(TARGET_NAME)";
				SWIFT_VERSION = 5.0;
				TARGETED_DEVICE_FAMILY = "1,2";
				TEST_TARGET_NAME = syuwaapp;
			};
			name = Debug;
		};
		B848538A25BD255F003B33B7 /* Release */ = {
			isa = XCBuildConfiguration;
			buildSettings = {
				ALWAYS_EMBED_SWIFT_STANDARD_LIBRARIES = YES;
				CODE_SIGN_STYLE = Automatic;
				DEVELOPMENT_TEAM = 6B7X9487DJ;
				INFOPLIST_FILE = syuwaappUITests/Info.plist;
				LD_RUNPATH_SEARCH_PATHS = (
					"$(inherited)",
					"@executable_path/Frameworks",
					"@loader_path/Frameworks",
				);
				PRODUCT_BUNDLE_IDENTIFIER = com.litech.syuwaappUITests;
				PRODUCT_NAME = "$(TARGET_NAME)";
				SWIFT_VERSION = 5.0;
				TARGETED_DEVICE_FAMILY = "1,2";
				TEST_TARGET_NAME = syuwaapp;
			};
			name = Release;
		};
/* End XCBuildConfiguration section */

/* Begin XCConfigurationList section */
		B848535325BD2556003B33B7 /* Build configuration list for PBXProject "syuwaapp" */ = {
			isa = XCConfigurationList;
			buildConfigurations = (
				B848538025BD255F003B33B7 /* Debug */,
				B848538125BD255F003B33B7 /* Release */,
			);
			defaultConfigurationIsVisible = 0;
			defaultConfigurationName = Release;
		};
		B848538225BD255F003B33B7 /* Build configuration list for PBXNativeTarget "syuwaapp" */ = {
			isa = XCConfigurationList;
			buildConfigurations = (
				B848538325BD255F003B33B7 /* Debug */,
				B848538425BD255F003B33B7 /* Release */,
			);
			defaultConfigurationIsVisible = 0;
			defaultConfigurationName = Release;
		};
		B848538525BD255F003B33B7 /* Build configuration list for PBXNativeTarget "syuwaappTests" */ = {
			isa = XCConfigurationList;
			buildConfigurations = (
				B848538625BD255F003B33B7 /* Debug */,
				B848538725BD255F003B33B7 /* Release */,
			);
			defaultConfigurationIsVisible = 0;
			defaultConfigurationName = Release;
		};
		B848538825BD255F003B33B7 /* Build configuration list for PBXNativeTarget "syuwaappUITests" */ = {
			isa = XCConfigurationList;
			buildConfigurations = (
				B848538925BD255F003B33B7 /* Debug */,
				B848538A25BD255F003B33B7 /* Release */,
			);
			defaultConfigurationIsVisible = 0;
			defaultConfigurationName = Release;
		};
/* End XCConfigurationList section */
	};
	rootObject = B848535025BD2556003B33B7 /* Project object */;
}
